
Microsoft Visual Studio Solution File, Format Version 12.00
# Visual Studio 15
VisualStudioVersion = 15.0.28010.2036
MinimumVisualStudioVersion = 10.0.40219.1
Project("{FAE04EC0-301F-11D3-BF4B-00C04F79EFBC}") = "laba 6", "laba 6\laba 6.csproj", "{3756AC69-BF1B-408F-9376-91807DB28025}"
EndProject
Global
	GlobalSection(SolutionConfigurationPlatforms) = preSolution
		Debug|Any CPU = Debug|Any CPU
		Release|Any CPU = Release|Any CPU
	EndGlobalSection
	GlobalSection(ProjectConfigurationPlatforms) = postSolution
		{3756AC69-BF1B-408F-9376-91807DB28025}.Debug|Any CPU.ActiveCfg = Debug|Any CPU
		{3756AC69-BF1B-408F-9376-91807DB28025}.Debug|Any CPU.Build.0 = Debug|Any CPU
		{3756AC69-BF1B-408F-9376-91807DB28025}.Release|Any CPU.ActiveCfg = Release|Any CPU
		{3756AC69-BF1B-408F-9376-91807DB28025}.Release|Any CPU.Build.0 = Release|Any CPU
	EndGlobalSection
	GlobalSection(SolutionProperties) = preSolution
		HideSolutionNode = FALSE
	EndGlobalSection
	GlobalSection(ExtensibilityGlobals) = postSolution
		SolutionGuid = {499A46B9-1196-43C9-B710-4C82C3F8587C}
	EndGlobalSection
EndGlobal
