
Microsoft Visual Studio Solution File, Format Version 12.00
# Visual Studio 15
VisualStudioVersion = 15.0.28010.2036
MinimumVisualStudioVersion = 10.0.40219.1
Project("{FAE04EC0-301F-11D3-BF4B-00C04F79EFBC}") = "laba 10", "laba 10\laba 10.csproj", "{857CE3AB-3E6B-42B1-9AE2-B546C69D1C62}"
EndProject
Global
	GlobalSection(SolutionConfigurationPlatforms) = preSolution
		Debug|Any CPU = Debug|Any CPU
		Release|Any CPU = Release|Any CPU
	EndGlobalSection
	GlobalSection(ProjectConfigurationPlatforms) = postSolution
		{857CE3AB-3E6B-42B1-9AE2-B546C69D1C62}.Debug|Any CPU.ActiveCfg = Debug|Any CPU
		{857CE3AB-3E6B-42B1-9AE2-B546C69D1C62}.Debug|Any CPU.Build.0 = Debug|Any CPU
		{857CE3AB-3E6B-42B1-9AE2-B546C69D1C62}.Release|Any CPU.ActiveCfg = Release|Any CPU
		{857CE3AB-3E6B-42B1-9AE2-B546C69D1C62}.Release|Any CPU.Build.0 = Release|Any CPU
	EndGlobalSection
	GlobalSection(SolutionProperties) = preSolution
		HideSolutionNode = FALSE
	EndGlobalSection
	GlobalSection(ExtensibilityGlobals) = postSolution
		SolutionGuid = {340448AE-FF51-4099-9B3A-FB10D3BE18B2}
	EndGlobalSection
EndGlobal
